
Microsoft Visual Studio Solution File, Format Version 12.00
# Visual Studio 15
VisualStudioVersion = 15.0.27004.2009
MinimumVisualStudioVersion = 10.0.40219.1
Project("{8BC9CEB8-8B4A-11D0-8D11-00A0C91BC942}") = "Server", "ProyectoBase\ProyectoBase.vcxproj", "{6A1B6770-E74D-44A0-87B1-8ECCF3246020}"
EndProject
Project("{8BC9CEB8-8B4A-11D0-8D11-00A0C91BC942}") = "Client", "..\..\..\..\Client\TCP_Practica_1.2\TCP_Practica_1.2.vcxproj", "{FE29AD64-3D67-47F3-8E0F-4331F20E052C}"
EndProject
Global
	GlobalSection(SolutionConfigurationPlatforms) = preSolution
		Debug|x64 = Debug|x64
		Debug|x86 = Debug|x86
		Release|x64 = Release|x64
		Release|x86 = Release|x86
	EndGlobalSection
	GlobalSection(ProjectConfigurationPlatforms) = postSolution
		{6A1B6770-E74D-44A0-87B1-8ECCF3246020}.Debug|x64.ActiveCfg = Debug|x64
		{6A1B6770-E74D-44A0-87B1-8ECCF3246020}.Debug|x64.Build.0 = Debug|x64
		{6A1B6770-E74D-44A0-87B1-8ECCF3246020}.Debug|x86.ActiveCfg = Debug|Win32
		{6A1B6770-E74D-44A0-87B1-8ECCF3246020}.Debug|x86.Build.0 = Debug|Win32
		{6A1B6770-E74D-44A0-87B1-8ECCF3246020}.Release|x64.ActiveCfg = Release|x64
		{6A1B6770-E74D-44A0-87B1-8ECCF3246020}.Release|x64.Build.0 = Release|x64
		{6A1B6770-E74D-44A0-87B1-8ECCF3246020}.Release|x86.ActiveCfg = Release|Win32
		{6A1B6770-E74D-44A0-87B1-8ECCF3246020}.Release|x86.Build.0 = Release|Win32
		{FE29AD64-3D67-47F3-8E0F-4331F20E052C}.Debug|x64.ActiveCfg = Debug|x64
		{FE29AD64-3D67-47F3-8E0F-4331F20E052C}.Debug|x64.Build.0 = Debug|x64
		{FE29AD64-3D67-47F3-8E0F-4331F20E052C}.Debug|x86.ActiveCfg = Debug|Win32
		{FE29AD64-3D67-47F3-8E0F-4331F20E052C}.Debug|x86.Build.0 = Debug|Win32
		{FE29AD64-3D67-47F3-8E0F-4331F20E052C}.Release|x64.ActiveCfg = Release|x64
		{FE29AD64-3D67-47F3-8E0F-4331F20E052C}.Release|x64.Build.0 = Release|x64
		{FE29AD64-3D67-47F3-8E0F-4331F20E052C}.Release|x86.ActiveCfg = Release|Win32
		{FE29AD64-3D67-47F3-8E0F-4331F20E052C}.Release|x86.Build.0 = Release|Win32
	EndGlobalSection
	GlobalSection(SolutionProperties) = preSolution
		HideSolutionNode = FALSE
	EndGlobalSection
	GlobalSection(ExtensibilityGlobals) = postSolution
		SolutionGuid = {AEB5D4E9-2AF2-4C38-94D1-5587A7FB9F81}
	EndGlobalSection
EndGlobal
